
Microsoft Visual Studio Solution File, Format Version 12.00
# Visual Studio Version 16
VisualStudioVersion = 16.0.31205.134
MinimumVisualStudioVersion = 10.0.40219.1
Project("{FAE04EC0-301F-11D3-BF4B-00C04F79EFBC}") = "EjemploVideo", "EjemploVideo\EjemploVideo.csproj", "{9BAF89E0-05E9-4EFD-9A2F-01C5E3509397}"
EndProject
Global
	GlobalSection(SolutionConfigurationPlatforms) = preSolution
		Debug|Any CPU = Debug|Any CPU
		Release|Any CPU = Release|Any CPU
	EndGlobalSection
	GlobalSection(ProjectConfigurationPlatforms) = postSolution
		{9BAF89E0-05E9-4EFD-9A2F-01C5E3509397}.Debug|Any CPU.ActiveCfg = Debug|Any CPU
		{9BAF89E0-05E9-4EFD-9A2F-01C5E3509397}.Debug|Any CPU.Build.0 = Debug|Any CPU
		{9BAF89E0-05E9-4EFD-9A2F-01C5E3509397}.Release|Any CPU.ActiveCfg = Release|Any CPU
		{9BAF89E0-05E9-4EFD-9A2F-01C5E3509397}.Release|Any CPU.Build.0 = Release|Any CPU
	EndGlobalSection
	GlobalSection(SolutionProperties) = preSolution
		HideSolutionNode = FALSE
	EndGlobalSection
	GlobalSection(ExtensibilityGlobals) = postSolution
		SolutionGuid = {2393793D-98F3-401F-87DC-B495F13E6E27}
	EndGlobalSection
EndGlobal
